
Microsoft Visual Studio Solution File, Format Version 12.00
# Visual Studio Version 17
VisualStudioVersion = 17.1.32421.90
MinimumVisualStudioVersion = 10.0.40219.1
Project("{2150E333-8FDC-42A3-9474-1A3956D46DE8}") = "01-AuthMicroService", "01-AuthMicroService", "{8820CF8A-351D-47CF-A3C2-12D323813727}"
EndProject
Project("{9A19103F-16F7-4668-BE54-9A1E7A4F7556}") = "AuthMicroService", "AuthMicroService\AuthMicroService.csproj", "{1D258597-59DA-4CBC-AD2D-612D94519D7F}"
EndProject
Project("{2150E333-8FDC-42A3-9474-1A3956D46DE8}") = "02-BlogMicroService", "02-BlogMicroService", "{1BE659BC-815D-42EA-9ECB-8073B08BD7D4}"
EndProject
Project("{9A19103F-16F7-4668-BE54-9A1E7A4F7556}") = "BlogMicroService", "BlogMicroService\BlogMicroService.csproj", "{4ED7DFF5-4744-402B-973D-E126127A10C8}"
EndProject
Project("{2150E333-8FDC-42A3-9474-1A3956D46DE8}") = "05-MqEventBus", "05-MqEventBus", "{46466643-DC4C-4095-A037-CFA3D79547CB}"
EndProject
Project("{9A19103F-16F7-4668-BE54-9A1E7A4F7556}") = "RabbitMQ.EventBus", "RabbitMQ.EventBus\RabbitMQ.EventBus.csproj", "{4AA628C7-F676-4351-B9AA-C609119ED39E}"
EndProject
Global
	GlobalSection(SolutionConfigurationPlatforms) = preSolution
		Debug|Any CPU = Debug|Any CPU
		Release|Any CPU = Release|Any CPU
	EndGlobalSection
	GlobalSection(ProjectConfigurationPlatforms) = postSolution
		{1D258597-59DA-4CBC-AD2D-612D94519D7F}.Debug|Any CPU.ActiveCfg = Debug|Any CPU
		{1D258597-59DA-4CBC-AD2D-612D94519D7F}.Debug|Any CPU.Build.0 = Debug|Any CPU
		{1D258597-59DA-4CBC-AD2D-612D94519D7F}.Release|Any CPU.ActiveCfg = Release|Any CPU
		{1D258597-59DA-4CBC-AD2D-612D94519D7F}.Release|Any CPU.Build.0 = Release|Any CPU
		{4ED7DFF5-4744-402B-973D-E126127A10C8}.Debug|Any CPU.ActiveCfg = Debug|Any CPU
		{4ED7DFF5-4744-402B-973D-E126127A10C8}.Debug|Any CPU.Build.0 = Debug|Any CPU
		{4ED7DFF5-4744-402B-973D-E126127A10C8}.Release|Any CPU.ActiveCfg = Release|Any CPU
		{4ED7DFF5-4744-402B-973D-E126127A10C8}.Release|Any CPU.Build.0 = Release|Any CPU
		{4AA628C7-F676-4351-B9AA-C609119ED39E}.Debug|Any CPU.ActiveCfg = Debug|Any CPU
		{4AA628C7-F676-4351-B9AA-C609119ED39E}.Debug|Any CPU.Build.0 = Debug|Any CPU
		{4AA628C7-F676-4351-B9AA-C609119ED39E}.Release|Any CPU.ActiveCfg = Release|Any CPU
		{4AA628C7-F676-4351-B9AA-C609119ED39E}.Release|Any CPU.Build.0 = Release|Any CPU
	EndGlobalSection
	GlobalSection(SolutionProperties) = preSolution
		HideSolutionNode = FALSE
	EndGlobalSection
	GlobalSection(NestedProjects) = preSolution
		{1D258597-59DA-4CBC-AD2D-612D94519D7F} = {8820CF8A-351D-47CF-A3C2-12D323813727}
		{4ED7DFF5-4744-402B-973D-E126127A10C8} = {1BE659BC-815D-42EA-9ECB-8073B08BD7D4}
		{4AA628C7-F676-4351-B9AA-C609119ED39E} = {46466643-DC4C-4095-A037-CFA3D79547CB}
	EndGlobalSection
	GlobalSection(ExtensibilityGlobals) = postSolution
		SolutionGuid = {CF841DAD-F067-4BAE-81DC-8DE10915B812}
	EndGlobalSection
EndGlobal
